{
  "name": "BUDGET_APP",
  "version": "1.0.0",
  "lockfileVersion": 1,
  "requires": true,
  "dependencies": {
    "lax.js": {
      "version": "2.0.3",
      "resolved": "https://registry.npmjs.org/lax.js/-/lax.js-2.0.3.tgz",
      "integrity": "sha512-q2q0jVRwruvFdQZeeE3OwIszRIkey6CItPmB+BcTUFPgHd2R8LI+bntAI7d2GJEjheu79mzQ++MROkODuZoXlA=="
    },
    "use-lax": {
      "version": "4.0.2",
      "resolved": "https://registry.npmjs.org/use-lax/-/use-lax-4.0.2.tgz",
      "integrity": "sha512-6bv7W7TGcMnQtXASj4L9C3YTULn3zZdXEz0KAAdF2VsXmSr8j1rzO/gYt+77NA5LTKRmuYBPUpn/7E/K6bMGyQ=="
    }
  }
}
